
Microsoft Visual Studio Solution File, Format Version 11.00
# Visual Studio 2010
Project("{FAE04EC0-301F-11D3-BF4B-00C04F79EFBC}") = "Assembly-CSharp", "Assembly-CSharp.csproj", "{892B0CCE-510E-10E6-12E0-375E869762C3}"
EndProject
Project("{FAE04EC0-301F-11D3-BF4B-00C04F79EFBC}") = "Assembly-CSharp-Editor", "Assembly-CSharp-Editor.csproj", "{9B5C149A-E9CE-3410-40C5-265B52C25605}"
EndProject
Global
	GlobalSection(SolutionConfigurationPlatforms) = preSolution
		Debug|Any CPU = Debug|Any CPU
		Release|Any CPU = Release|Any CPU
	EndGlobalSection
	GlobalSection(ProjectConfigurationPlatforms) = postSolution
		{892B0CCE-510E-10E6-12E0-375E869762C3}.Debug|Any CPU.ActiveCfg = Debug|Any CPU
		{892B0CCE-510E-10E6-12E0-375E869762C3}.Debug|Any CPU.Build.0 = Debug|Any CPU
		{892B0CCE-510E-10E6-12E0-375E869762C3}.Release|Any CPU.ActiveCfg = Release|Any CPU
		{892B0CCE-510E-10E6-12E0-375E869762C3}.Release|Any CPU.Build.0 = Release|Any CPU
		{9B5C149A-E9CE-3410-40C5-265B52C25605}.Debug|Any CPU.ActiveCfg = Debug|Any CPU
		{9B5C149A-E9CE-3410-40C5-265B52C25605}.Debug|Any CPU.Build.0 = Debug|Any CPU
		{9B5C149A-E9CE-3410-40C5-265B52C25605}.Release|Any CPU.ActiveCfg = Release|Any CPU
		{9B5C149A-E9CE-3410-40C5-265B52C25605}.Release|Any CPU.Build.0 = Release|Any CPU
	EndGlobalSection
	GlobalSection(SolutionProperties) = preSolution
		HideSolutionNode = FALSE
	EndGlobalSection
EndGlobal
